Microsoft Visual Studio Solution File, Format Version 12.00
# Visual Studio Version 17
VisualStudioVersion = 17.5.2.0
MinimumVisualStudioVersion = 10.0.40219.1
Project("{FAE04EC0-301F-11D3-BF4B-00C04F79EFBC}") = "sorting-algorithms", "sorting-algorithms.csproj", "{18F652D0-6043-3D41-E748-A9B1BAEF4367}"
EndProject
Global
	GlobalSection(SolutionConfigurationPlatforms) = preSolution
		Debug|Any CPU = Debug|Any CPU
		Release|Any CPU = Release|Any CPU
	EndGlobalSection
	GlobalSection(ProjectConfigurationPlatforms) = postSolution
		{18F652D0-6043-3D41-E748-A9B1BAEF4367}.Debug|Any CPU.ActiveCfg = Debug|Any CPU
		{18F652D0-6043-3D41-E748-A9B1BAEF4367}.Debug|Any CPU.Build.0 = Debug|Any CPU
		{18F652D0-6043-3D41-E748-A9B1BAEF4367}.Release|Any CPU.ActiveCfg = Release|Any CPU
		{18F652D0-6043-3D41-E748-A9B1BAEF4367}.Release|Any CPU.Build.0 = Release|Any CPU
	EndGlobalSection
	GlobalSection(SolutionProperties) = preSolution
		HideSolutionNode = FALSE
	EndGlobalSection
	GlobalSection(ExtensibilityGlobals) = postSolution
		SolutionGuid = {645379E2-B0D5-40B5-95AD-3EE901FE5C27}
	EndGlobalSection
EndGlobal
